{
    "name": "game-inputs",
    "version": "0.4.0",
    "lockfileVersion": 1,
    "requires": true,
    "dependencies": {
        "events": {
            "version": "3.2.0",
            "resolved": "https://registry.npmjs.org/events/-/events-3.2.0.tgz",
            "integrity": "sha512-/46HWwbfCX2xTawVfkKLGxMifJYQBWMwY1mjywRtb4c9x8l5NP3KoJtnIOiL1hfdRkIuYhETxQlo62IF8tcnlg=="
        },
        "vkey": {
            "version": "1.0.1",
            "resolved": "https://registry.npmjs.org/vkey/-/vkey-1.0.1.tgz",
            "integrity": "sha1-ccVqy3WegDIcldYWwrf8VQWRgcA="
        }
    }
}
